// !$*UTF8*$!
{
	archiveVersion = 1;
	classes = {
	};
	objectVersion = 51;
	objects = {

/* Begin PBXBuildFile section */
		271521FA268F84A900F23580 /* LendTestCase.swift in Sources */ = {isa = PBXBuildFile; fileRef = 271521F9268F84A900F23580 /* LendTestCase.swift */; };
		272206E22630807B00A49147 /* CategoryObject.swift in Sources */ = {isa = PBXBuildFile; fileRef = 272206E12630807B00A49147 /* CategoryObject.swift */; };
		272206E72630817300A49147 /* CoraDataObject.swift in Sources */ = {isa = PBXBuildFile; fileRef = 272206E62630817300A49147 /* CoraDataObject.swift */; };
		272206EC2630819800A49147 /* ObjectModel.swift in Sources */ = {isa = PBXBuildFile; fileRef = 272206EB2630819800A49147 /* ObjectModel.swift */; };
		2747D15D260BC0DC00B4E5C1 /* AppDelegate.swift in Sources */ = {isa = PBXBuildFile; fileRef = 2747D15C260BC0DC00B4E5C1 /* AppDelegate.swift */; };
		2747D15F260BC0DC00B4E5C1 /* SceneDelegate.swift in Sources */ = {isa = PBXBuildFile; fileRef = 2747D15E260BC0DC00B4E5C1 /* SceneDelegate.swift */; };
		2747D161260BC0DC00B4E5C1 /* ViewController.swift in Sources */ = {isa = PBXBuildFile; fileRef = 2747D160260BC0DC00B4E5C1 /* ViewController.swift */; };
		2747D164260BC0DC00B4E5C1 /* Main.storyboard in Resources */ = {isa = PBXBuildFile; fileRef = 2747D162260BC0DC00B4E5C1 /* Main.storyboard */; };
		2747D167260BC0DC00B4E5C1 /* Borrowlaend.xcdatamodeld in Sources */ = {isa = PBXBuildFile; fileRef = 2747D165260BC0DC00B4E5C1 /* Borrowlaend.xcdatamodeld */; };
		2747D169260BC0DC00B4E5C1 /* Assets.xcassets in Resources */ = {isa = PBXBuildFile; fileRef = 2747D168260BC0DC00B4E5C1 /* Assets.xcassets */; };
		2747D16C260BC0DC00B4E5C1 /* LaunchScreen.storyboard in Resources */ = {isa = PBXBuildFile; fileRef = 2747D16A260BC0DC00B4E5C1 /* LaunchScreen.storyboard */; };
		2747D177260BC0DC00B4E5C1 /* BorrowTestsCase.swift in Sources */ = {isa = PBXBuildFile; fileRef = 2747D176260BC0DC00B4E5C1 /* BorrowTestsCase.swift */; };
		2747D182260BC0DC00B4E5C1 /* BorrowlaendUITests.swift in Sources */ = {isa = PBXBuildFile; fileRef = 2747D181260BC0DC00B4E5C1 /* BorrowlaendUITests.swift */; };
		2747D19C260F278C00B4E5C1 /* BorrowViewModel.swift in Sources */ = {isa = PBXBuildFile; fileRef = 2747D19B260F278C00B4E5C1 /* BorrowViewModel.swift */; };
		275970EC262C93B40084AD50 /* CoreDataCategory.swift in Sources */ = {isa = PBXBuildFile; fileRef = 275970EB262C93B40084AD50 /* CoreDataCategory.swift */; };
		27725EB72634528400EB76D1 /* LendViewModel.swift in Sources */ = {isa = PBXBuildFile; fileRef = 27725EB62634528400EB76D1 /* LendViewModel.swift */; };
		27725EBC2634529100EB76D1 /* AddViewModel.swift in Sources */ = {isa = PBXBuildFile; fileRef = 27725EBB2634529100EB76D1 /* AddViewModel.swift */; };
		27863040266D39FF00C1DA64 /* DetailViewController.swift in Sources */ = {isa = PBXBuildFile; fileRef = 2786303F266D39FF00C1DA64 /* DetailViewController.swift */; };
		27CF12AC262341EF00066AA7 /* LendViewController.swift in Sources */ = {isa = PBXBuildFile; fileRef = 27CF12AB262341EF00066AA7 /* LendViewController.swift */; };
		27CF12B12623420200066AA7 /* BorrowViewController.swift in Sources */ = {isa = PBXBuildFile; fileRef = 27CF12B02623420200066AA7 /* BorrowViewController.swift */; };
		27CF12B62623421700066AA7 /* AddViewController.swift in Sources */ = {isa = PBXBuildFile; fileRef = 27CF12B52623421700066AA7 /* AddViewController.swift */; };
		2E262F5249C22891573ADE46 /* Pods_BorrowlaendTests.framework in Frameworks */ = {isa = PBXBuildFile; fileRef = DBA2E15FE9205D0B0E4E4306 /* Pods_BorrowlaendTests.framework */; };
		48BB1AF19229B0EDC77E0F99 /* Pods_Borrowlaend_BorrowlaendUITests.framework in Frameworks */ = {isa = PBXBuildFile; fileRef = D8B43F223D778F7275A65166 /* Pods_Borrowlaend_BorrowlaendUITests.framework */; };
		8C33B795264712C30045F4C5 /* ObjectEntity+CoreDataClass.swift in Sources */ = {isa = PBXBuildFile; fileRef = 8C33B78F264712C30045F4C5 /* ObjectEntity+CoreDataClass.swift */; };
		8C33B796264712C30045F4C5 /* ObjectEntity+CoreDataProperties.swift in Sources */ = {isa = PBXBuildFile; fileRef = 8C33B790264712C30045F4C5 /* ObjectEntity+CoreDataProperties.swift */; };
		8C33B797264712C30045F4C5 /* CategoryEntity+CoreDataClass.swift in Sources */ = {isa = PBXBuildFile; fileRef = 8C33B791264712C30045F4C5 /* CategoryEntity+CoreDataClass.swift */; };
		8C33B798264712C30045F4C5 /* CategoryEntity+CoreDataProperties.swift in Sources */ = {isa = PBXBuildFile; fileRef = 8C33B792264712C30045F4C5 /* CategoryEntity+CoreDataProperties.swift */; };
		8C33B799264712C30045F4C5 /* BorrowlaendEntity+CoreDataClass.swift in Sources */ = {isa = PBXBuildFile; fileRef = 8C33B793264712C30045F4C5 /* BorrowlaendEntity+CoreDataClass.swift */; };
		8C33B79A264712C30045F4C5 /* BorrowlaendEntity+CoreDataProperties.swift in Sources */ = {isa = PBXBuildFile; fileRef = 8C33B794264712C30045F4C5 /* BorrowlaendEntity+CoreDataProperties.swift */; };
		8CFAC1362615034B00EA91BC /* LoenViewCell.swift in Sources */ = {isa = PBXBuildFile; fileRef = 8CFAC1342615034B00EA91BC /* LoenViewCell.swift */; };
		8CFAC1372615034B00EA91BC /* LoenViewCell.xib in Resources */ = {isa = PBXBuildFile; fileRef = 8CFAC1352615034B00EA91BC /* LoenViewCell.xib */; };
		8CFAC139261506AC00EA91BC /* Loan.swift in Sources */ = {isa = PBXBuildFile; fileRef = 8CFAC138261506AC00EA91BC /* Loan.swift */; };
		8CFAC13B261506F600EA91BC /* CoreDataStack.swift in Sources */ = {isa = PBXBuildFile; fileRef = 8CFAC13A261506F600EA91BC /* CoreDataStack.swift */; };
		8CFAC13D26150E2600EA91BC /* LoanViewController.swift in Sources */ = {isa = PBXBuildFile; fileRef = 8CFAC13C26150E2600EA91BC /* LoanViewController.swift */; };
		F3E39C626DE23B4C9A23AC88 /* Pods_Borrowlaend.framework in Frameworks */ = {isa = PBXBuildFile; fileRef = D9F07B2B817E22B53F1A96CA /* Pods_Borrowlaend.framework */; };
/* End PBXBuildFile section */

/* Begin PBXContainerItemProxy section */
		2747D173260BC0DC00B4E5C1 /* PBXContainerItemProxy */ = {
			isa = PBXContainerItemProxy;
			containerPortal = 2747D151260BC0DC00B4E5C1 /* Project object */;
			proxyType = 1;
			remoteGlobalIDString = 2747D158260BC0DC00B4E5C1;
			remoteInfo = Borrowlaend;
		};
		2747D17E260BC0DC00B4E5C1 /* PBXContainerItemProxy */ = {
			isa = PBXContainerItemProxy;
			containerPortal = 2747D151260BC0DC00B4E5C1 /* Project object */;
			proxyType = 1;
			remoteGlobalIDString = 2747D158260BC0DC00B4E5C1;
			remoteInfo = Borrowlaend;
		};
/* End PBXContainerItemProxy section */

/* Begin PBXFileReference section */
		0B97122B20958E3590BE0A00 /* Pods-Borrowlaend-BorrowlaendUITests.debug.xcconfig */ = {isa = PBXFileReference; includeInIndex = 1; lastKnownFileType = text.xcconfig; name = "Pods-Borrowlaend-BorrowlaendUITests.debug.xcconfig"; path = "Target Support Files/Pods-Borrowlaend-BorrowlaendUITests/Pods-Borrowlaend-BorrowlaendUITests.debug.xcconfig"; sourceTree = "<group>"; };
		271521F9268F84A900F23580 /* LendTestCase.swift */ = {isa = PBXFileReference; lastKnownFileType = sourcecode.swift; path = LendTestCase.swift; sourceTree = "<group>"; };
		272206E12630807B00A49147 /* CategoryObject.swift */ = {isa = PBXFileReference; lastKnownFileType = sourcecode.swift; path = CategoryObject.swift; sourceTree = "<group>"; };
		272206E62630817300A49147 /* CoraDataObject.swift */ = {isa = PBXFileReference; lastKnownFileType = sourcecode.swift; path = CoraDataObject.swift; sourceTree = "<group>"; };
		272206EB2630819800A49147 /* ObjectModel.swift */ = {isa = PBXFileReference; lastKnownFileType = sourcecode.swift; path = ObjectModel.swift; sourceTree = "<group>"; };
		2747D159260BC0DC00B4E5C1 /* Borrowlaend.app */ = {isa = PBXFileReference; explicitFileType = wrapper.application; includeInIndex = 0; path = Borrowlaend.app; sourceTree = BUILT_PRODUCTS_DIR; };
		2747D15C260BC0DC00B4E5C1 /* AppDelegate.swift */ = {isa = PBXFileReference; lastKnownFileType = sourcecode.swift; path = AppDelegate.swift; sourceTree = "<group>"; };
		2747D15E260BC0DC00B4E5C1 /* SceneDelegate.swift */ = {isa = PBXFileReference; lastKnownFileType = sourcecode.swift; path = SceneDelegate.swift; sourceTree = "<group>"; };
		2747D160260BC0DC00B4E5C1 /* ViewController.swift */ = {isa = PBXFileReference; lastKnownFileType = sourcecode.swift; path = ViewController.swift; sourceTree = "<group>"; };
		2747D163260BC0DC00B4E5C1 /* Base */ = {isa = PBXFileReference; lastKnownFileType = file.storyboard; name = Base; path = Base.lproj/Main.storyboard; sourceTree = "<group>"; };
		2747D166260BC0DC00B4E5C1 /* Borrowlaend.xcdatamodel */ = {isa = PBXFileReference; lastKnownFileType = wrapper.xcdatamodel; path = Borrowlaend.xcdatamodel; sourceTree = "<group>"; };
		2747D168260BC0DC00B4E5C1 /* Assets.xcassets */ = {isa = PBXFileReference; lastKnownFileType = folder.assetcatalog; path = Assets.xcassets; sourceTree = "<group>"; };
		2747D16B260BC0DC00B4E5C1 /* Base */ = {isa = PBXFileReference; lastKnownFileType = file.storyboard; name = Base; path = Base.lproj/LaunchScreen.storyboard; sourceTree = "<group>"; };
		2747D16D260BC0DC00B4E5C1 /* Info.plist */ = {isa = PBXFileReference; lastKnownFileType = text.plist.xml; path = Info.plist; sourceTree = "<group>"; };
		2747D172260BC0DC00B4E5C1 /* BorrowlaendTests.xctest */ = {isa = PBXFileReference; explicitFileType = wrapper.cfbundle; includeInIndex = 0; path = BorrowlaendTests.xctest; sourceTree = BUILT_PRODUCTS_DIR; };
		2747D176260BC0DC00B4E5C1 /* BorrowTestsCase.swift */ = {isa = PBXFileReference; lastKnownFileType = sourcecode.swift; path = BorrowTestsCase.swift; sourceTree = "<group>"; };
		2747D178260BC0DC00B4E5C1 /* Info.plist */ = {isa = PBXFileReference; lastKnownFileType = text.plist.xml; path = Info.plist; sourceTree = "<group>"; };
		2747D17D260BC0DC00B4E5C1 /* BorrowlaendUITests.xctest */ = {isa = PBXFileReference; explicitFileType = wrapper.cfbundle; includeInIndex = 0; path = BorrowlaendUITests.xctest; sourceTree = BUILT_PRODUCTS_DIR; };
		2747D181260BC0DC00B4E5C1 /* BorrowlaendUITests.swift */ = {isa = PBXFileReference; lastKnownFileType = sourcecode.swift; path = BorrowlaendUITests.swift; sourceTree = "<group>"; };
		2747D183260BC0DC00B4E5C1 /* Info.plist */ = {isa = PBXFileReference; lastKnownFileType = text.plist.xml; path = Info.plist; sourceTree = "<group>"; };
		2747D19B260F278C00B4E5C1 /* BorrowViewModel.swift */ = {isa = PBXFileReference; lastKnownFileType = sourcecode.swift; path = BorrowViewModel.swift; sourceTree = "<group>"; };
		275970EB262C93B40084AD50 /* CoreDataCategory.swift */ = {isa = PBXFileReference; lastKnownFileType = sourcecode.swift; path = CoreDataCategory.swift; sourceTree = "<group>"; };
		27725EB62634528400EB76D1 /* LendViewModel.swift */ = {isa = PBXFileReference; lastKnownFileType = sourcecode.swift; path = LendViewModel.swift; sourceTree = "<group>"; };
		27725EBB2634529100EB76D1 /* AddViewModel.swift */ = {isa = PBXFileReference; lastKnownFileType = sourcecode.swift; path = AddViewModel.swift; sourceTree = "<group>"; };
		2786303F266D39FF00C1DA64 /* DetailViewController.swift */ = {isa = PBXFileReference; lastKnownFileType = sourcecode.swift; path = DetailViewController.swift; sourceTree = "<group>"; };
		27CF12AB262341EF00066AA7 /* LendViewController.swift */ = {isa = PBXFileReference; lastKnownFileType = sourcecode.swift; path = LendViewController.swift; sourceTree = "<group>"; };
		27CF12B02623420200066AA7 /* BorrowViewController.swift */ = {isa = PBXFileReference; lastKnownFileType = sourcecode.swift; path = BorrowViewController.swift; sourceTree = "<group>"; };
		27CF12B52623421700066AA7 /* AddViewController.swift */ = {isa = PBXFileReference; lastKnownFileType = sourcecode.swift; path = AddViewController.swift; sourceTree = "<group>"; };
		3DBEC5BCA04DDD0D899804E9 /* Pods-Borrowlaend-BorrowlaendUITests.release.xcconfig */ = {isa = PBXFileReference; includeInIndex = 1; lastKnownFileType = text.xcconfig; name = "Pods-Borrowlaend-BorrowlaendUITests.release.xcconfig"; path = "Target Support Files/Pods-Borrowlaend-BorrowlaendUITests/Pods-Borrowlaend-BorrowlaendUITests.release.xcconfig"; sourceTree = "<group>"; };
		4A91CC03227E73E029905018 /* Pods-BorrowlaendTests.debug.xcconfig */ = {isa = PBXFileReference; includeInIndex = 1; lastKnownFileType = text.xcconfig; name = "Pods-BorrowlaendTests.debug.xcconfig"; path = "Target Support Files/Pods-BorrowlaendTests/Pods-BorrowlaendTests.debug.xcconfig"; sourceTree = "<group>"; };
		7C1F8D99319881DCCA2D39B1 /* Pods-Borrowlaend.release.xcconfig */ = {isa = PBXFileReference; includeInIndex = 1; lastKnownFileType = text.xcconfig; name = "Pods-Borrowlaend.release.xcconfig"; path = "Target Support Files/Pods-Borrowlaend/Pods-Borrowlaend.release.xcconfig"; sourceTree = "<group>"; };
		8C33B78F264712C30045F4C5 /* ObjectEntity+CoreDataClass.swift */ = {isa = PBXFileReference; lastKnownFileType = sourcecode.swift; path = "ObjectEntity+CoreDataClass.swift"; sourceTree = SOURCE_ROOT; };
		8C33B790264712C30045F4C5 /* ObjectEntity+CoreDataProperties.swift */ = {isa = PBXFileReference; lastKnownFileType = sourcecode.swift; path = "ObjectEntity+CoreDataProperties.swift"; sourceTree = SOURCE_ROOT; };
		8C33B791264712C30045F4C5 /* CategoryEntity+CoreDataClass.swift */ = {isa = PBXFileReference; lastKnownFileType = sourcecode.swift; path = "CategoryEntity+CoreDataClass.swift"; sourceTree = SOURCE_ROOT; };
		8C33B792264712C30045F4C5 /* CategoryEntity+CoreDataProperties.swift */ = {isa = PBXFileReference; lastKnownFileType = sourcecode.swift; path = "CategoryEntity+CoreDataProperties.swift"; sourceTree = SOURCE_ROOT; };
		8C33B793264712C30045F4C5 /* BorrowlaendEntity+CoreDataClass.swift */ = {isa = PBXFileReference; lastKnownFileType = sourcecode.swift; path = "BorrowlaendEntity+CoreDataClass.swift"; sourceTree = SOURCE_ROOT; };
		8C33B794264712C30045F4C5 /* BorrowlaendEntity+CoreDataProperties.swift */ = {isa = PBXFileReference; lastKnownFileType = sourcecode.swift; path = "BorrowlaendEntity+CoreDataProperties.swift"; sourceTree = SOURCE_ROOT; };
		8CFAC1342615034B00EA91BC /* LoenViewCell.swift */ = {isa = PBXFileReference; lastKnownFileType = sourcecode.swift; path = LoenViewCell.swift; sourceTree = "<group>"; };
		8CFAC1352615034B00EA91BC /* LoenViewCell.xib */ = {isa = PBXFileReference; lastKnownFileType = file.xib; path = LoenViewCell.xib; sourceTree = "<group>"; };
		8CFAC138261506AC00EA91BC /* Loan.swift */ = {isa = PBXFileReference; lastKnownFileType = sourcecode.swift; path = Loan.swift; sourceTree = "<group>"; };
		8CFAC13A261506F600EA91BC /* CoreDataStack.swift */ = {isa = PBXFileReference; lastKnownFileType = sourcecode.swift; path = CoreDataStack.swift; sourceTree = "<group>"; };
		8CFAC13C26150E2600EA91BC /* LoanViewController.swift */ = {isa = PBXFileReference; lastKnownFileType = sourcecode.swift; path = LoanViewController.swift; sourceTree = "<group>"; };
		D8B43F223D778F7275A65166 /* Pods_Borrowlaend_BorrowlaendUITests.framework */ = {isa = PBXFileReference; explicitFileType = wrapper.framework; includeInIndex = 0; path = Pods_Borrowlaend_BorrowlaendUITests.framework; sourceTree = BUILT_PRODUCTS_DIR; };
		D9F07B2B817E22B53F1A96CA /* Pods_Borrowlaend.framework */ = {isa = PBXFileReference; explicitFileType = wrapper.framework; includeInIndex = 0; path = Pods_Borrowlaend.framework; sourceTree = BUILT_PRODUCTS_DIR; };
		DBA2E15FE9205D0B0E4E4306 /* Pods_BorrowlaendTests.framework */ = {isa = PBXFileReference; explicitFileType = wrapper.framework; includeInIndex = 0; path = Pods_BorrowlaendTests.framework; sourceTree = BUILT_PRODUCTS_DIR; };
		EDE3797289B9C98C0B968D3A /* Pods-BorrowlaendTests.release.xcconfig */ = {isa = PBXFileReference; includeInIndex = 1; lastKnownFileType = text.xcconfig; name = "Pods-BorrowlaendTests.release.xcconfig"; path = "Target Support Files/Pods-BorrowlaendTests/Pods-BorrowlaendTests.release.xcconfig"; sourceTree = "<group>"; };
		F63719D1F8221BA6DD28C43C /* Pods-Borrowlaend.debug.xcconfig */ = {isa = PBXFileReference; includeInIndex = 1; lastKnownFileType = text.xcconfig; name = "Pods-Borrowlaend.debug.xcconfig"; path = "Target Support Files/Pods-Borrowlaend/Pods-Borrowlaend.debug.xcconfig"; sourceTree = "<group>"; };
/* End PBXFileReference section */

/* Begin PBXFrameworksBuildPhase section */
		2747D156260BC0DC00B4E5C1 /* Frameworks */ = {
			isa = PBXFrameworksBuildPhase;
			buildActionMask = 2147483647;
			files = (
				F3E39C626DE23B4C9A23AC88 /* Pods_Borrowlaend.framework in Frameworks */,
			);
			runOnlyForDeploymentPostprocessing = 0;
		};
		2747D16F260BC0DC00B4E5C1 /* Frameworks */ = {
			isa = PBXFrameworksBuildPhase;
			buildActionMask = 2147483647;
			files = (
				2E262F5249C22891573ADE46 /* Pods_BorrowlaendTests.framework in Frameworks */,
			);
			runOnlyForDeploymentPostprocessing = 0;
		};
		2747D17A260BC0DC00B4E5C1 /* Frameworks */ = {
			isa = PBXFrameworksBuildPhase;
			buildActionMask = 2147483647;
			files = (
				48BB1AF19229B0EDC77E0F99 /* Pods_Borrowlaend_BorrowlaendUITests.framework in Frameworks */,
			);
			runOnlyForDeploymentPostprocessing = 0;
		};
/* End PBXFrameworksBuildPhase section */

/* Begin PBXGroup section */
		27445420261E1DB6000E972A /* ViewController */ = {
			isa = PBXGroup;
			children = (
				27CF12AB262341EF00066AA7 /* LendViewController.swift */,
				27CF12B52623421700066AA7 /* AddViewController.swift */,
				27CF12B02623420200066AA7 /* BorrowViewController.swift */,
				2786303F266D39FF00C1DA64 /* DetailViewController.swift */,
			);
			path = ViewController;
			sourceTree = "<group>";
		};
		2747D150260BC0DC00B4E5C1 = {
			isa = PBXGroup;
			children = (
				27445420261E1DB6000E972A /* ViewController */,
				2747D194260BC10900B4E5C1 /* ViewModel */,
				2747D193260BC10300B4E5C1 /* View */,
				2747D192260BC0FB00B4E5C1 /* Model */,
				2747D15B260BC0DC00B4E5C1 /* Borrowlaend */,
				2747D175260BC0DC00B4E5C1 /* BorrowlaendTests */,
				2747D180260BC0DC00B4E5C1 /* BorrowlaendUITests */,
				2747D15A260BC0DC00B4E5C1 /* Products */,
				794715260FB2FAA42BCD0915 /* Pods */,
				80E10272B816E787190A9978 /* Frameworks */,
			);
			sourceTree = "<group>";
		};
		2747D15A260BC0DC00B4E5C1 /* Products */ = {
			isa = PBXGroup;
			children = (
				2747D159260BC0DC00B4E5C1 /* Borrowlaend.app */,
				2747D172260BC0DC00B4E5C1 /* BorrowlaendTests.xctest */,
				2747D17D260BC0DC00B4E5C1 /* BorrowlaendUITests.xctest */,
			);
			name = Products;
			sourceTree = "<group>";
		};
		2747D15B260BC0DC00B4E5C1 /* Borrowlaend */ = {
			isa = PBXGroup;
			children = (
				8C33B78F264712C30045F4C5 /* ObjectEntity+CoreDataClass.swift */,
				8C33B790264712C30045F4C5 /* ObjectEntity+CoreDataProperties.swift */,
				8C33B791264712C30045F4C5 /* CategoryEntity+CoreDataClass.swift */,
				8C33B792264712C30045F4C5 /* CategoryEntity+CoreDataProperties.swift */,
				8C33B793264712C30045F4C5 /* BorrowlaendEntity+CoreDataClass.swift */,
				8C33B794264712C30045F4C5 /* BorrowlaendEntity+CoreDataProperties.swift */,
				2747D15C260BC0DC00B4E5C1 /* AppDelegate.swift */,
				2747D15E260BC0DC00B4E5C1 /* SceneDelegate.swift */,
				2747D160260BC0DC00B4E5C1 /* ViewController.swift */,
				2747D168260BC0DC00B4E5C1 /* Assets.xcassets */,
				2747D16D260BC0DC00B4E5C1 /* Info.plist */,
				2747D165260BC0DC00B4E5C1 /* Borrowlaend.xcdatamodeld */,
				8CFAC13C26150E2600EA91BC /* LoanViewController.swift */,
			);
			path = Borrowlaend;
			sourceTree = "<group>";
		};
		2747D175260BC0DC00B4E5C1 /* BorrowlaendTests */ = {
			isa = PBXGroup;
			children = (
				2747D176260BC0DC00B4E5C1 /* BorrowTestsCase.swift */,
				271521F9268F84A900F23580 /* LendTestCase.swift */,
				2747D178260BC0DC00B4E5C1 /* Info.plist */,
			);
			path = BorrowlaendTests;
			sourceTree = "<group>";
		};
		2747D180260BC0DC00B4E5C1 /* BorrowlaendUITests */ = {
			isa = PBXGroup;
			children = (
				2747D181260BC0DC00B4E5C1 /* BorrowlaendUITests.swift */,
				2747D183260BC0DC00B4E5C1 /* Info.plist */,
			);
			path = BorrowlaendUITests;
			sourceTree = "<group>";
		};
		2747D192260BC0FB00B4E5C1 /* Model */ = {
			isa = PBXGroup;
			children = (
				8CFAC138261506AC00EA91BC /* Loan.swift */,
				272206E12630807B00A49147 /* CategoryObject.swift */,
				272206EB2630819800A49147 /* ObjectModel.swift */,
				8CFAC13A261506F600EA91BC /* CoreDataStack.swift */,
				275970EB262C93B40084AD50 /* CoreDataCategory.swift */,
				272206E62630817300A49147 /* CoraDataObject.swift */,
			);
			path = Model;
			sourceTree = "<group>";
		};
		2747D193260BC10300B4E5C1 /* View */ = {
			isa = PBXGroup;
			children = (
				2747D16A260BC0DC00B4E5C1 /* LaunchScreen.storyboard */,
				2747D162260BC0DC00B4E5C1 /* Main.storyboard */,
				8CFAC1342615034B00EA91BC /* LoenViewCell.swift */,
				8CFAC1352615034B00EA91BC /* LoenViewCell.xib */,
			);
			path = View;
			sourceTree = "<group>";
		};
		2747D194260BC10900B4E5C1 /* ViewModel */ = {
			isa = PBXGroup;
			children = (
				2747D19B260F278C00B4E5C1 /* BorrowViewModel.swift */,
				27725EB62634528400EB76D1 /* LendViewModel.swift */,
				27725EBB2634529100EB76D1 /* AddViewModel.swift */,
			);
			path = ViewModel;
			sourceTree = "<group>";
		};
		794715260FB2FAA42BCD0915 /* Pods */ = {
			isa = PBXGroup;
			children = (
				F63719D1F8221BA6DD28C43C /* Pods-Borrowlaend.debug.xcconfig */,
				7C1F8D99319881DCCA2D39B1 /* Pods-Borrowlaend.release.xcconfig */,
				0B97122B20958E3590BE0A00 /* Pods-Borrowlaend-BorrowlaendUITests.debug.xcconfig */,
				3DBEC5BCA04DDD0D899804E9 /* Pods-Borrowlaend-BorrowlaendUITests.release.xcconfig */,
				4A91CC03227E73E029905018 /* Pods-BorrowlaendTests.debug.xcconfig */,
				EDE3797289B9C98C0B968D3A /* Pods-BorrowlaendTests.release.xcconfig */,
			);
			path = Pods;
			sourceTree = "<group>";
		};
		80E10272B816E787190A9978 /* Frameworks */ = {
			isa = PBXGroup;
			children = (
				D9F07B2B817E22B53F1A96CA /* Pods_Borrowlaend.framework */,
				D8B43F223D778F7275A65166 /* Pods_Borrowlaend_BorrowlaendUITests.framework */,
				DBA2E15FE9205D0B0E4E4306 /* Pods_BorrowlaendTests.framework */,
			);
			name = Frameworks;
			sourceTree = "<group>";
		};
/* End PBXGroup section */

/* Begin PBXNativeTarget section */
		2747D158260BC0DC00B4E5C1 /* Borrowlaend */ = {
			isa = PBXNativeTarget;
			buildConfigurationList = 2747D186260BC0DC00B4E5C1 /* Build configuration list for PBXNativeTarget "Borrowlaend" */;
			buildPhases = (
				7485CCFE7A5C3E4344C3049A /* [CP] Check Pods Manifest.lock */,
				2747D155260BC0DC00B4E5C1 /* Sources */,
				2747D156260BC0DC00B4E5C1 /* Frameworks */,
				2747D157260BC0DC00B4E5C1 /* Resources */,
				5EC12853ACF897EC329D54A0 /* [CP] Embed Pods Frameworks */,
			);
			buildRules = (
			);
			dependencies = (
			);
			name = Borrowlaend;
			productName = Borrowlaend;
			productReference = 2747D159260BC0DC00B4E5C1 /* Borrowlaend.app */;
			productType = "com.apple.product-type.application";
		};
		2747D171260BC0DC00B4E5C1 /* BorrowlaendTests */ = {
			isa = PBXNativeTarget;
			buildConfigurationList = 2747D189260BC0DC00B4E5C1 /* Build configuration list for PBXNativeTarget "BorrowlaendTests" */;
			buildPhases = (
				436DD561D969BAFDB2EC9EE2 /* [CP] Check Pods Manifest.lock */,
				2747D16E260BC0DC00B4E5C1 /* Sources */,
				2747D16F260BC0DC00B4E5C1 /* Frameworks */,
				2747D170260BC0DC00B4E5C1 /* Resources */,
			);
			buildRules = (
			);
			dependencies = (
				2747D174260BC0DC00B4E5C1 /* PBXTargetDependency */,
			);
			name = BorrowlaendTests;
			productName = BorrowlaendTests;
			productReference = 2747D172260BC0DC00B4E5C1 /* BorrowlaendTests.xctest */;
			productType = "com.apple.product-type.bundle.unit-test";
		};
		2747D17C260BC0DC00B4E5C1 /* BorrowlaendUITests */ = {
			isa = PBXNativeTarget;
			buildConfigurationList = 2747D18C260BC0DC00B4E5C1 /* Build configuration list for PBXNativeTarget "BorrowlaendUITests" */;
			buildPhases = (
				F73D2BE93DDC01B4BB56A7BA /* [CP] Check Pods Manifest.lock */,
				2747D179260BC0DC00B4E5C1 /* Sources */,
				2747D17A260BC0DC00B4E5C1 /* Frameworks */,
				2747D17B260BC0DC00B4E5C1 /* Resources */,
				7940C00F296A5AC7197FF690 /* [CP] Embed Pods Frameworks */,
			);
			buildRules = (
			);
			dependencies = (
				2747D17F260BC0DC00B4E5C1 /* PBXTargetDependency */,
			);
			name = BorrowlaendUITests;
			productName = BorrowlaendUITests;
			productReference = 2747D17D260BC0DC00B4E5C1 /* BorrowlaendUITests.xctest */;
			productType = "com.apple.product-type.bundle.ui-testing";
		};
/* End PBXNativeTarget section */

/* Begin PBXProject section */
		2747D151260BC0DC00B4E5C1 /* Project object */ = {
			isa = PBXProject;
			attributes = {
				LastSwiftUpdateCheck = 1240;
				LastUpgradeCheck = 1240;
				TargetAttributes = {
					2747D158260BC0DC00B4E5C1 = {
						CreatedOnToolsVersion = 12.4;
					};
					2747D171260BC0DC00B4E5C1 = {
						CreatedOnToolsVersion = 12.4;
						TestTargetID = 2747D158260BC0DC00B4E5C1;
					};
					2747D17C260BC0DC00B4E5C1 = {
						CreatedOnToolsVersion = 12.4;
						TestTargetID = 2747D158260BC0DC00B4E5C1;
					};
				};
			};
			buildConfigurationList = 2747D154260BC0DC00B4E5C1 /* Build configuration list for PBXProject "Borrowlaend" */;
			compatibilityVersion = "Xcode 9.3";
			developmentRegion = en;
			hasScannedForEncodings = 0;
			knownRegions = (
				en,
				Base,
			);
			mainGroup = 2747D150260BC0DC00B4E5C1;
			productRefGroup = 2747D15A260BC0DC00B4E5C1 /* Products */;
			projectDirPath = "";
			projectRoot = "";
			targets = (
				2747D158260BC0DC00B4E5C1 /* Borrowlaend */,
				2747D171260BC0DC00B4E5C1 /* BorrowlaendTests */,
				2747D17C260BC0DC00B4E5C1 /* BorrowlaendUITests */,
			);
		};
/* End PBXProject section */

/* Begin PBXResourcesBuildPhase section */
		2747D157260BC0DC00B4E5C1 /* Resources */ = {
			isa = PBXResourcesBuildPhase;
			buildActionMask = 2147483647;
			files = (
				2747D16C260BC0DC00B4E5C1 /* LaunchScreen.storyboard in Resources */,
				2747D169260BC0DC00B4E5C1 /* Assets.xcassets in Resources */,
				8CFAC1372615034B00EA91BC /* LoenViewCell.xib in Resources */,
				2747D164260BC0DC00B4E5C1 /* Main.storyboard in Resources */,
			);
			runOnlyForDeploymentPostprocessing = 0;
		};
		2747D170260BC0DC00B4E5C1 /* Resources */ = {
			isa = PBXResourcesBuildPhase;
			buildActionMask = 2147483647;
			files = (
			);
			runOnlyForDeploymentPostprocessing = 0;
		};
		2747D17B260BC0DC00B4E5C1 /* Resources */ = {
			isa = PBXResourcesBuildPhase;
			buildActionMask = 2147483647;
			files = (
			);
			runOnlyForDeploymentPostprocessing = 0;
		};
/* End PBXResourcesBuildPhase section */

/* Begin PBXShellScriptBuildPhase section */
		436DD561D969BAFDB2EC9EE2 /* [CP] Check Pods Manifest.lock */ = {
			isa = PBXShellScriptBuildPhase;
			buildActionMask = 2147483647;
			files = (
			);
			inputFileListPaths = (
			);
			inputPaths = (
				"${PODS_PODFILE_DIR_PATH}/Podfile.lock",
				"${PODS_ROOT}/Manifest.lock",
			);
			name = "[CP] Check Pods Manifest.lock";
			outputFileListPaths = (
			);
			outputPaths = (
				"$(DERIVED_FILE_DIR)/Pods-BorrowlaendTests-checkManifestLockResult.txt",
			);
			runOnlyForDeploymentPostprocessing = 0;
			shellPath = /bin/sh;
			shellScript = "diff \"${PODS_PODFILE_DIR_PATH}/Podfile.lock\" \"${PODS_ROOT}/Manifest.lock\" > /dev/null\nif [ $? != 0 ] ; then\n    # print error to STDERR\n    echo \"error: The sandbox is not in sync with the Podfile.lock. Run 'pod install' or update your CocoaPods installation.\" >&2\n    exit 1\nfi\n# This output is used by Xcode 'outputs' to avoid re-running this script phase.\necho \"SUCCESS\" > \"${SCRIPT_OUTPUT_FILE_0}\"\n";
			showEnvVarsInLog = 0;
		};
		5EC12853ACF897EC329D54A0 /* [CP] Embed Pods Frameworks */ = {
			isa = PBXShellScriptBuildPhase;
			buildActionMask = 2147483647;
			files = (
			);
			inputFileListPaths = (
				"${PODS_ROOT}/Target Support Files/Pods-Borrowlaend/Pods-Borrowlaend-frameworks-${CONFIGURATION}-input-files.xcfilelist",
			);
			name = "[CP] Embed Pods Frameworks";
			outputFileListPaths = (
				"${PODS_ROOT}/Target Support Files/Pods-Borrowlaend/Pods-Borrowlaend-frameworks-${CONFIGURATION}-output-files.xcfilelist",
			);
			runOnlyForDeploymentPostprocessing = 0;
			shellPath = /bin/sh;
			shellScript = "\"${PODS_ROOT}/Target Support Files/Pods-Borrowlaend/Pods-Borrowlaend-frameworks.sh\"\n";
			showEnvVarsInLog = 0;
		};
		7485CCFE7A5C3E4344C3049A /* [CP] Check Pods Manifest.lock */ = {
			isa = PBXShellScriptBuildPhase;
			buildActionMask = 2147483647;
			files = (
			);
			inputFileListPaths = (
			);
			inputPaths = (
				"${PODS_PODFILE_DIR_PATH}/Podfile.lock",
				"${PODS_ROOT}/Manifest.lock",
			);
			name = "[CP] Check Pods Manifest.lock";
			outputFileListPaths = (
			);
			outputPaths = (
				"$(DERIVED_FILE_DIR)/Pods-Borrowlaend-checkManifestLockResult.txt",
			);
			runOnlyForDeploymentPostprocessing = 0;
			shellPath = /bin/sh;
			shellScript = "diff \"${PODS_PODFILE_DIR_PATH}/Podfile.lock\" \"${PODS_ROOT}/Manifest.lock\" > /dev/null\nif [ $? != 0 ] ; then\n    # print error to STDERR\n    echo \"error: The sandbox is not in sync with the Podfile.lock. Run 'pod install' or update your CocoaPods installation.\" >&2\n    exit 1\nfi\n# This output is used by Xcode 'outputs' to avoid re-running this script phase.\necho \"SUCCESS\" > \"${SCRIPT_OUTPUT_FILE_0}\"\n";
			showEnvVarsInLog = 0;
		};
		7940C00F296A5AC7197FF690 /* [CP] Embed Pods Frameworks */ = {
			isa = PBXShellScriptBuildPhase;
			buildActionMask = 2147483647;
			files = (
			);
			inputFileListPaths = (
				"${PODS_ROOT}/Target Support Files/Pods-Borrowlaend-BorrowlaendUITests/Pods-Borrowlaend-BorrowlaendUITests-frameworks-${CONFIGURATION}-input-files.xcfilelist",
			);
			name = "[CP] Embed Pods Frameworks";
			outputFileListPaths = (
				"${PODS_ROOT}/Target Support Files/Pods-Borrowlaend-BorrowlaendUITests/Pods-Borrowlaend-BorrowlaendUITests-frameworks-${CONFIGURATION}-output-files.xcfilelist",
			);
			runOnlyForDeploymentPostprocessing = 0;
			shellPath = /bin/sh;
			shellScript = "\"${PODS_ROOT}/Target Support Files/Pods-Borrowlaend-BorrowlaendUITests/Pods-Borrowlaend-BorrowlaendUITests-frameworks.sh\"\n";
			showEnvVarsInLog = 0;
		};
		F73D2BE93DDC01B4BB56A7BA /* [CP] Check Pods Manifest.lock */ = {
			isa = PBXShellScriptBuildPhase;
			buildActionMask = 2147483647;
			files = (
			);
			inputFileListPaths = (
			);
			inputPaths = (
				"${PODS_PODFILE_DIR_PATH}/Podfile.lock",
				"${PODS_ROOT}/Manifest.lock",
			);
			name = "[CP] Check Pods Manifest.lock";
			outputFileListPaths = (
			);
			outputPaths = (
				"$(DERIVED_FILE_DIR)/Pods-Borrowlaend-BorrowlaendUITests-checkManifestLockResult.txt",
			);
			runOnlyForDeploymentPostprocessing = 0;
			shellPath = /bin/sh;
			shellScript = "diff \"${PODS_PODFILE_DIR_PATH}/Podfile.lock\" \"${PODS_ROOT}/Manifest.lock\" > /dev/null\nif [ $? != 0 ] ; then\n    # print error to STDERR\n    echo \"error: The sandbox is not in sync with the Podfile.lock. Run 'pod install' or update your CocoaPods installation.\" >&2\n    exit 1\nfi\n# This output is used by Xcode 'outputs' to avoid re-running this script phase.\necho \"SUCCESS\" > \"${SCRIPT_OUTPUT_FILE_0}\"\n";
			showEnvVarsInLog = 0;
		};
/* End PBXShellScriptBuildPhase section */

/* Begin PBXSourcesBuildPhase section */
		2747D155260BC0DC00B4E5C1 /* Sources */ = {
			isa = PBXSourcesBuildPhase;
			buildActionMask = 2147483647;
			files = (
				8CFAC13B261506F600EA91BC /* CoreDataStack.swift in Sources */,
				272206E72630817300A49147 /* CoraDataObject.swift in Sources */,
				27863040266D39FF00C1DA64 /* DetailViewController.swift in Sources */,
				8CFAC1362615034B00EA91BC /* LoenViewCell.swift in Sources */,
				8C33B795264712C30045F4C5 /* ObjectEntity+CoreDataClass.swift in Sources */,
				8C33B79A264712C30045F4C5 /* BorrowlaendEntity+CoreDataProperties.swift in Sources */,
				27CF12B62623421700066AA7 /* AddViewController.swift in Sources */,
				2747D161260BC0DC00B4E5C1 /* ViewController.swift in Sources */,
				27CF12B12623420200066AA7 /* BorrowViewController.swift in Sources */,
				8C33B796264712C30045F4C5 /* ObjectEntity+CoreDataProperties.swift in Sources */,
				27725EBC2634529100EB76D1 /* AddViewModel.swift in Sources */,
				2747D15D260BC0DC00B4E5C1 /* AppDelegate.swift in Sources */,
				8C33B798264712C30045F4C5 /* CategoryEntity+CoreDataProperties.swift in Sources */,
				8CFAC13D26150E2600EA91BC /* LoanViewController.swift in Sources */,
				8CFAC139261506AC00EA91BC /* Loan.swift in Sources */,
				2747D15F260BC0DC00B4E5C1 /* SceneDelegate.swift in Sources */,
				2747D19C260F278C00B4E5C1 /* BorrowViewModel.swift in Sources */,
				8C33B799264712C30045F4C5 /* BorrowlaendEntity+CoreDataClass.swift in Sources */,
				275970EC262C93B40084AD50 /* CoreDataCategory.swift in Sources */,
				2747D167260BC0DC00B4E5C1 /* Borrowlaend.xcdatamodeld in Sources */,
				27CF12AC262341EF00066AA7 /* LendViewController.swift in Sources */,
				272206EC2630819800A49147 /* ObjectModel.swift in Sources */,
				27725EB72634528400EB76D1 /* LendViewModel.swift in Sources */,
				8C33B797264712C30045F4C5 /* CategoryEntity+CoreDataClass.swift in Sources */,
				272206E22630807B00A49147 /* CategoryObject.swift in Sources */,
			);
			runOnlyForDeploymentPostprocessing = 0;
		};
		2747D16E260BC0DC00B4E5C1 /* Sources */ = {
			isa = PBXSourcesBuildPhase;
			buildActionMask = 2147483647;
			files = (
				271521FA268F84A900F23580 /* LendTestCase.swift in Sources */,
				2747D177260BC0DC00B4E5C1 /* BorrowTestsCase.swift in Sources */,
			);
			runOnlyForDeploymentPostprocessing = 0;
		};
		2747D179260BC0DC00B4E5C1 /* Sources */ = {
			isa = PBXSourcesBuildPhase;
			buildActionMask = 2147483647;
			files = (
				2747D182260BC0DC00B4E5C1 /* BorrowlaendUITests.swift in Sources */,
			);
			runOnlyForDeploymentPostprocessing = 0;
		};
/* End PBXSourcesBuildPhase section */

/* Begin PBXTargetDependency section */
		2747D174260BC0DC00B4E5C1 /* PBXTargetDependency */ = {
			isa = PBXTargetDependency;
			target = 2747D158260BC0DC00B4E5C1 /* Borrowlaend */;
			targetProxy = 2747D173260BC0DC00B4E5C1 /* PBXContainerItemProxy */;
		};
		2747D17F260BC0DC00B4E5C1 /* PBXTargetDependency */ = {
			isa = PBXTargetDependency;
			target = 2747D158260BC0DC00B4E5C1 /* Borrowlaend */;
			targetProxy = 2747D17E260BC0DC00B4E5C1 /* PBXContainerItemProxy */;
		};
/* End PBXTargetDependency section */

/* Begin PBXVariantGroup section */
		2747D162260BC0DC00B4E5C1 /* Main.storyboard */ = {
			isa = PBXVariantGroup;
			children = (
				2747D163260BC0DC00B4E5C1 /* Base */,
			);
			name = Main.storyboard;
			sourceTree = "<group>";
		};
		2747D16A260BC0DC00B4E5C1 /* LaunchScreen.storyboard */ = {
			isa = PBXVariantGroup;
			children = (
				2747D16B260BC0DC00B4E5C1 /* Base */,
			);
			name = LaunchScreen.storyboard;
			sourceTree = "<group>";
		};
/* End PBXVariantGroup section */

/* Begin XCBuildConfiguration section */
		2747D184260BC0DC00B4E5C1 /* Debug */ = {
			isa = XCBuildConfiguration;
			buildSettings = {
				ALWAYS_SEARCH_USER_PATHS = NO;
				CLANG_ANALYZER_NONNULL = YES;
				CLANG_ANALYZER_NUMBER_OBJECT_CONVERSION = YES_AGGRESSIVE;
				CLANG_CXX_LANGUAGE_STANDARD = "gnu++14";
				CLANG_CXX_LIBRARY = "libc++";
				CLANG_ENABLE_MODULES = YES;
				CLANG_ENABLE_OBJC_ARC = YES;
				CLANG_ENABLE_OBJC_WEAK = YES;
				CLANG_WARN_BLOCK_CAPTURE_AUTORELEASING = YES;
				CLANG_WARN_BOOL_CONVERSION = YES;
				CLANG_WARN_COMMA = YES;
				CLANG_WARN_CONSTANT_CONVERSION = YES;
				CLANG_WARN_DEPRECATED_OBJC_IMPLEMENTATIONS = YES;
				CLANG_WARN_DIRECT_OBJC_ISA_USAGE = YES_ERROR;
				CLANG_WARN_DOCUMENTATION_COMMENTS = YES;
				CLANG_WARN_EMPTY_BODY = YES;
				CLANG_WARN_ENUM_CONVERSION = YES;
				CLANG_WARN_INFINITE_RECURSION = YES;
				CLANG_WARN_INT_CONVERSION = YES;
				CLANG_WARN_NON_LITERAL_NULL_CONVERSION = YES;
				CLANG_WARN_OBJC_IMPLICIT_RETAIN_SELF = YES;
				CLANG_WARN_OBJC_LITERAL_CONVERSION = YES;
				CLANG_WARN_OBJC_ROOT_CLASS = YES_ERROR;
				CLANG_WARN_QUOTED_INCLUDE_IN_FRAMEWORK_HEADER = YES;
				CLANG_WARN_RANGE_LOOP_ANALYSIS = YES;
				CLANG_WARN_STRICT_PROTOTYPES = YES;
				CLANG_WARN_SUSPICIOUS_MOVE = YES;
				CLANG_WARN_UNGUARDED_AVAILABILITY = YES_AGGRESSIVE;
				CLANG_WARN_UNREACHABLE_CODE = YES;
				CLANG_WARN__DUPLICATE_METHOD_MATCH = YES;
				COPY_PHASE_STRIP = NO;
				DEBUG_INFORMATION_FORMAT = dwarf;
				ENABLE_STRICT_OBJC_MSGSEND = YES;
				ENABLE_TESTABILITY = YES;
				GCC_C_LANGUAGE_STANDARD = gnu11;
				GCC_DYNAMIC_NO_PIC = NO;
				GCC_NO_COMMON_BLOCKS = YES;
				GCC_OPTIMIZATION_LEVEL = 0;
				GCC_PREPROCESSOR_DEFINITIONS = (
					"DEBUG=1",
					"$(inherited)",
				);
				GCC_WARN_64_TO_32_BIT_CONVERSION = YES;
				GCC_WARN_ABOUT_RETURN_TYPE = YES_ERROR;
				GCC_WARN_UNDECLARED_SELECTOR = YES;
				GCC_WARN_UNINITIALIZED_AUTOS = YES_AGGRESSIVE;
				GCC_WARN_UNUSED_FUNCTION = YES;
				GCC_WARN_UNUSED_VARIABLE = YES;
				IPHONEOS_DEPLOYMENT_TARGET = 14.4;
				MTL_ENABLE_DEBUG_INFO = INCLUDE_SOURCE;
				MTL_FAST_MATH = YES;
				ONLY_ACTIVE_ARCH = YES;
				SDKROOT = iphoneos;
				SWIFT_ACTIVE_COMPILATION_CONDITIONS = DEBUG;
				SWIFT_OPTIMIZATION_LEVEL = "-Onone";
			};
			name = Debug;
		};
		2747D185260BC0DC00B4E5C1 /* Release */ = {
			isa = XCBuildConfiguration;
			buildSettings = {
				ALWAYS_SEARCH_USER_PATHS = NO;
				CLANG_ANALYZER_NONNULL = YES;
				CLANG_ANALYZER_NUMBER_OBJECT_CONVERSION = YES_AGGRESSIVE;
				CLANG_CXX_LANGUAGE_STANDARD = "gnu++14";
				CLANG_CXX_LIBRARY = "libc++";
				CLANG_ENABLE_MODULES = YES;
				CLANG_ENABLE_OBJC_ARC = YES;
				CLANG_ENABLE_OBJC_WEAK = YES;
				CLANG_WARN_BLOCK_CAPTURE_AUTORELEASING = YES;
				CLANG_WARN_BOOL_CONVERSION = YES;
				CLANG_WARN_COMMA = YES;
				CLANG_WARN_CONSTANT_CONVERSION = YES;
				CLANG_WARN_DEPRECATED_OBJC_IMPLEMENTATIONS = YES;
				CLANG_WARN_DIRECT_OBJC_ISA_USAGE = YES_ERROR;
				CLANG_WARN_DOCUMENTATION_COMMENTS = YES;
				CLANG_WARN_EMPTY_BODY = YES;
				CLANG_WARN_ENUM_CONVERSION = YES;
				CLANG_WARN_INFINITE_RECURSION = YES;
				CLANG_WARN_INT_CONVERSION = YES;
				CLANG_WARN_NON_LITERAL_NULL_CONVERSION = YES;
				CLANG_WARN_OBJC_IMPLICIT_RETAIN_SELF = YES;
				CLANG_WARN_OBJC_LITERAL_CONVERSION = YES;
				CLANG_WARN_OBJC_ROOT_CLASS = YES_ERROR;
				CLANG_WARN_QUOTED_INCLUDE_IN_FRAMEWORK_HEADER = YES;
				CLANG_WARN_RANGE_LOOP_ANALYSIS = YES;
				CLANG_WARN_STRICT_PROTOTYPES = YES;
				CLANG_WARN_SUSPICIOUS_MOVE = YES;
				CLANG_WARN_UNGUARDED_AVAILABILITY = YES_AGGRESSIVE;
				CLANG_WARN_UNREACHABLE_CODE = YES;
				CLANG_WARN__DUPLICATE_METHOD_MATCH = YES;
				COPY_PHASE_STRIP = NO;
				DEBUG_INFORMATION_FORMAT = "dwarf-with-dsym";
				ENABLE_NS_ASSERTIONS = NO;
				ENABLE_STRICT_OBJC_MSGSEND = YES;
				GCC_C_LANGUAGE_STANDARD = gnu11;
				GCC_NO_COMMON_BLOCKS = YES;
				GCC_WARN_64_TO_32_BIT_CONVERSION = YES;
				GCC_WARN_ABOUT_RETURN_TYPE = YES_ERROR;
				GCC_WARN_UNDECLARED_SELECTOR = YES;
				GCC_WARN_UNINITIALIZED_AUTOS = YES_AGGRESSIVE;
				GCC_WARN_UNUSED_FUNCTION = YES;
				GCC_WARN_UNUSED_VARIABLE = YES;
				IPHONEOS_DEPLOYMENT_TARGET = 14.4;
				MTL_ENABLE_DEBUG_INFO = NO;
				MTL_FAST_MATH = YES;
				SDKROOT = iphoneos;
				SWIFT_COMPILATION_MODE = wholemodule;
				SWIFT_OPTIMIZATION_LEVEL = "-O";
				VALIDATE_PRODUCT = YES;
			};
			name = Release;
		};
		2747D187260BC0DC00B4E5C1 /* Debug */ = {
			isa = XCBuildConfiguration;
			baseConfigurationReference = F63719D1F8221BA6DD28C43C /* Pods-Borrowlaend.debug.xcconfig */;
			buildSettings = {
				ASSETCATALOG_COMPILER_APPICON_NAME = AppIcon;
				ASSETCATALOG_COMPILER_GLOBAL_ACCENT_COLOR_NAME = AccentColor;
				CODE_SIGN_STYLE = Automatic;
				INFOPLIST_FILE = Borrowlaend/Info.plist;
				IPHONEOS_DEPLOYMENT_TARGET = 13.5;
				LD_RUNPATH_SEARCH_PATHS = (
					"$(inherited)",
					"@executable_path/Frameworks",
				);
				PRODUCT_BUNDLE_IDENTIFIER = oc.Borrowlaend;
				PRODUCT_NAME = "$(TARGET_NAME)";
				SWIFT_VERSION = 5.0;
				TARGETED_DEVICE_FAMILY = "1,2";
			};
			name = Debug;
		};
		2747D188260BC0DC00B4E5C1 /* Release */ = {
			isa = XCBuildConfiguration;
			baseConfigurationReference = 7C1F8D99319881DCCA2D39B1 /* Pods-Borrowlaend.release.xcconfig */;
			buildSettings = {
				ASSETCATALOG_COMPILER_APPICON_NAME = AppIcon;
				ASSETCATALOG_COMPILER_GLOBAL_ACCENT_COLOR_NAME = AccentColor;
				CODE_SIGN_STYLE = Automatic;
				INFOPLIST_FILE = Borrowlaend/Info.plist;
				IPHONEOS_DEPLOYMENT_TARGET = 13.5;
				LD_RUNPATH_SEARCH_PATHS = (
					"$(inherited)",
					"@executable_path/Frameworks",
				);
				PRODUCT_BUNDLE_IDENTIFIER = oc.Borrowlaend;
				PRODUCT_NAME = "$(TARGET_NAME)";
				SWIFT_VERSION = 5.0;
				TARGETED_DEVICE_FAMILY = "1,2";
			};
			name = Release;
		};
		2747D18A260BC0DC00B4E5C1 /* Debug */ = {
			isa = XCBuildConfiguration;
			baseConfigurationReference = 4A91CC03227E73E029905018 /* Pods-BorrowlaendTests.debug.xcconfig */;
			buildSettings = {
				ALWAYS_EMBED_SWIFT_STANDARD_LIBRARIES = YES;
				BUNDLE_LOADER = "$(TEST_HOST)";
				CODE_SIGN_STYLE = Automatic;
				INFOPLIST_FILE = BorrowlaendTests/Info.plist;
				IPHONEOS_DEPLOYMENT_TARGET = 14.4;
				LD_RUNPATH_SEARCH_PATHS = (
					"$(inherited)",
					"@executable_path/Frameworks",
					"@loader_path/Frameworks",
				);
				PRODUCT_BUNDLE_IDENTIFIER = oc.BorrowlaendTests;
				PRODUCT_NAME = "$(TARGET_NAME)";
				SWIFT_VERSION = 5.0;
				TARGETED_DEVICE_FAMILY = "1,2";
				TEST_HOST = "$(BUILT_PRODUCTS_DIR)/Borrowlaend.app/Borrowlaend";
			};
			name = Debug;
		};
		2747D18B260BC0DC00B4E5C1 /* Release */ = {
			isa = XCBuildConfiguration;
			baseConfigurationReference = EDE3797289B9C98C0B968D3A /* Pods-BorrowlaendTests.release.xcconfig */;
			buildSettings = {
				ALWAYS_EMBED_SWIFT_STANDARD_LIBRARIES = YES;
				BUNDLE_LOADER = "$(TEST_HOST)";
				CODE_SIGN_STYLE = Automatic;
				INFOPLIST_FILE = BorrowlaendTests/Info.plist;
				IPHONEOS_DEPLOYMENT_TARGET = 14.4;
				LD_RUNPATH_SEARCH_PATHS = (
					"$(inherited)",
					"@executable_path/Frameworks",
					"@loader_path/Frameworks",
				);
				PRODUCT_BUNDLE_IDENTIFIER = oc.BorrowlaendTests;
				PRODUCT_NAME = "$(TARGET_NAME)";
				SWIFT_VERSION = 5.0;
				TARGETED_DEVICE_FAMILY = "1,2";
				TEST_HOST = "$(BUILT_PRODUCTS_DIR)/Borrowlaend.app/Borrowlaend";
			};
			name = Release;
		};
		2747D18D260BC0DC00B4E5C1 /* Debug */ = {
			isa = XCBuildConfiguration;
			baseConfigurationReference = 0B97122B20958E3590BE0A00 /* Pods-Borrowlaend-BorrowlaendUITests.debug.xcconfig */;
			buildSettings = {
				ALWAYS_EMBED_SWIFT_STANDARD_LIBRARIES = YES;
				CODE_SIGN_STYLE = Automatic;
				INFOPLIST_FILE = BorrowlaendUITests/Info.plist;
				LD_RUNPATH_SEARCH_PATHS = (
					"$(inherited)",
					"@executable_path/Frameworks",
					"@loader_path/Frameworks",
				);
				PRODUCT_BUNDLE_IDENTIFIER = oc.BorrowlaendUITests;
				PRODUCT_NAME = "$(TARGET_NAME)";
				SWIFT_VERSION = 5.0;
				TARGETED_DEVICE_FAMILY = "1,2";
				TEST_TARGET_NAME = Borrowlaend;
			};
			name = Debug;
		};
		2747D18E260BC0DC00B4E5C1 /* Release */ = {
			isa = XCBuildConfiguration;
			baseConfigurationReference = 3DBEC5BCA04DDD0D899804E9 /* Pods-Borrowlaend-BorrowlaendUITests.release.xcconfig */;
			buildSettings = {
				ALWAYS_EMBED_SWIFT_STANDARD_LIBRARIES = YES;
				CODE_SIGN_STYLE = Automatic;
				INFOPLIST_FILE = BorrowlaendUITests/Info.plist;
				LD_RUNPATH_SEARCH_PATHS = (
					"$(inherited)",
					"@executable_path/Frameworks",
					"@loader_path/Frameworks",
				);
				PRODUCT_BUNDLE_IDENTIFIER = oc.BorrowlaendUITests;
				PRODUCT_NAME = "$(TARGET_NAME)";
				SWIFT_VERSION = 5.0;
				TARGETED_DEVICE_FAMILY = "1,2";
				TEST_TARGET_NAME = Borrowlaend;
			};
			name = Release;
		};
/* End XCBuildConfiguration section */

/* Begin XCConfigurationList section */
		2747D154260BC0DC00B4E5C1 /* Build configuration list for PBXProject "Borrowlaend" */ = {
			isa = XCConfigurationList;
			buildConfigurations = (
				2747D184260BC0DC00B4E5C1 /* Debug */,
				2747D185260BC0DC00B4E5C1 /* Release */,
			);
			defaultConfigurationIsVisible = 0;
			defaultConfigurationName = Release;
		};
		2747D186260BC0DC00B4E5C1 /* Build configuration list for PBXNativeTarget "Borrowlaend" */ = {
			isa = XCConfigurationList;
			buildConfigurations = (
				2747D187260BC0DC00B4E5C1 /* Debug */,
				2747D188260BC0DC00B4E5C1 /* Release */,
			);
			defaultConfigurationIsVisible = 0;
			defaultConfigurationName = Release;
		};
		2747D189260BC0DC00B4E5C1 /* Build configuration list for PBXNativeTarget "BorrowlaendTests" */ = {
			isa = XCConfigurationList;
			buildConfigurations = (
				2747D18A260BC0DC00B4E5C1 /* Debug */,
				2747D18B260BC0DC00B4E5C1 /* Release */,
			);
			defaultConfigurationIsVisible = 0;
			defaultConfigurationName = Release;
		};
		2747D18C260BC0DC00B4E5C1 /* Build configuration list for PBXNativeTarget "BorrowlaendUITests" */ = {
			isa = XCConfigurationList;
			buildConfigurations = (
				2747D18D260BC0DC00B4E5C1 /* Debug */,
				2747D18E260BC0DC00B4E5C1 /* Release */,
			);
			defaultConfigurationIsVisible = 0;
			defaultConfigurationName = Release;
		};
/* End XCConfigurationList section */

/* Begin XCVersionGroup section */
		2747D165260BC0DC00B4E5C1 /* Borrowlaend.xcdatamodeld */ = {
			isa = XCVersionGroup;
			children = (
				2747D166260BC0DC00B4E5C1 /* Borrowlaend.xcdatamodel */,
			);
			currentVersion = 2747D166260BC0DC00B4E5C1 /* Borrowlaend.xcdatamodel */;
			path = Borrowlaend.xcdatamodeld;
			sourceTree = "<group>";
			versionGroupType = wrapper.xcdatamodel;
		};
/* End XCVersionGroup section */
	};
	rootObject = 2747D151260BC0DC00B4E5C1 /* Project object */;
}
