// !$*UTF8*$!
{
	archiveVersion = 1;
	classes = {
	};
	objectVersion = 50;
	objects = {

/* Begin PBXBuildFile section */
		276F0E6C25E813E600C7E58D /* Main.storyboard in Resources */ = {isa = PBXBuildFile; fileRef = 276F0E6B25E813E600C7E58D /* Main.storyboard */; };
		276F0E7225E8164D00C7E58D /* InformationTableViewCell.swift in Sources */ = {isa = PBXBuildFile; fileRef = 276F0E7025E8164D00C7E58D /* InformationTableViewCell.swift */; };
		276F0E7325E8164D00C7E58D /* InformationTableViewCell.xib in Resources */ = {isa = PBXBuildFile; fileRef = 276F0E7125E8164D00C7E58D /* InformationTableViewCell.xib */; };
		278C4C7D25C549F50041CDED /* Borrowl_ndApp.swift in Sources */ = {isa = PBXBuildFile; fileRef = 278C4C7C25C549F50041CDED /* Borrowl_ndApp.swift */; };
		278C4C7F25C549F50041CDED /* ContentView.swift in Sources */ = {isa = PBXBuildFile; fileRef = 278C4C7E25C549F50041CDED /* ContentView.swift */; };
		278C4C8125C549F60041CDED /* Assets.xcassets in Resources */ = {isa = PBXBuildFile; fileRef = 278C4C8025C549F60041CDED /* Assets.xcassets */; };
		278C4C8425C549F60041CDED /* Preview Assets.xcassets in Resources */ = {isa = PBXBuildFile; fileRef = 278C4C8325C549F60041CDED /* Preview Assets.xcassets */; };
		278C4C8625C549F60041CDED /* Persistence.swift in Sources */ = {isa = PBXBuildFile; fileRef = 278C4C8525C549F60041CDED /* Persistence.swift */; };
		278C4C8925C549F60041CDED /* Borrowl_nd.xcdatamodeld in Sources */ = {isa = PBXBuildFile; fileRef = 278C4C8725C549F60041CDED /* Borrowl_nd.xcdatamodeld */; };
		278C4C9425C549F60041CDED /* Borrowl_ndTests.swift in Sources */ = {isa = PBXBuildFile; fileRef = 278C4C9325C549F60041CDED /* Borrowl_ndTests.swift */; };
		278C4C9F25C549F60041CDED /* Borrowl_ndUITests.swift in Sources */ = {isa = PBXBuildFile; fileRef = 278C4C9E25C549F60041CDED /* Borrowl_ndUITests.swift */; };
		278C4CCB25C54D4F0041CDED /* Launch Screen.storyboard in Resources */ = {isa = PBXBuildFile; fileRef = 278C4CCA25C54D4F0041CDED /* Launch Screen.storyboard */; };
		278C4CD325C55D3D0041CDED /* BorrowController.swift in Sources */ = {isa = PBXBuildFile; fileRef = 278C4CD225C55D3D0041CDED /* BorrowController.swift */; };
		278C4CD825C55D450041CDED /* LendController.swift in Sources */ = {isa = PBXBuildFile; fileRef = 278C4CD725C55D450041CDED /* LendController.swift */; };
/* End PBXBuildFile section */

/* Begin PBXContainerItemProxy section */
		278C4C9025C549F60041CDED /* PBXContainerItemProxy */ = {
			isa = PBXContainerItemProxy;
			containerPortal = 278C4C7125C549F50041CDED /* Project object */;
			proxyType = 1;
			remoteGlobalIDString = 278C4C7825C549F50041CDED;
			remoteInfo = "Borrowlænd";
		};
		278C4C9B25C549F60041CDED /* PBXContainerItemProxy */ = {
			isa = PBXContainerItemProxy;
			containerPortal = 278C4C7125C549F50041CDED /* Project object */;
			proxyType = 1;
			remoteGlobalIDString = 278C4C7825C549F50041CDED;
			remoteInfo = "Borrowlænd";
		};
/* End PBXContainerItemProxy section */

/* Begin PBXFileReference section */
		276F0E6B25E813E600C7E58D /* Main.storyboard */ = {isa = PBXFileReference; lastKnownFileType = file.storyboard; path = Main.storyboard; sourceTree = "<group>"; };
		276F0E7025E8164D00C7E58D /* InformationTableViewCell.swift */ = {isa = PBXFileReference; lastKnownFileType = sourcecode.swift; path = InformationTableViewCell.swift; sourceTree = "<group>"; };
		276F0E7125E8164D00C7E58D /* InformationTableViewCell.xib */ = {isa = PBXFileReference; lastKnownFileType = file.xib; path = InformationTableViewCell.xib; sourceTree = "<group>"; };
		278C4C7925C549F50041CDED /* Borrowlænd.app */ = {isa = PBXFileReference; explicitFileType = wrapper.application; includeInIndex = 0; path = "Borrowlænd.app"; sourceTree = BUILT_PRODUCTS_DIR; };
		278C4C7C25C549F50041CDED /* Borrowl_ndApp.swift */ = {isa = PBXFileReference; lastKnownFileType = sourcecode.swift; path = Borrowl_ndApp.swift; sourceTree = "<group>"; };
		278C4C7E25C549F50041CDED /* ContentView.swift */ = {isa = PBXFileReference; lastKnownFileType = sourcecode.swift; path = ContentView.swift; sourceTree = "<group>"; };
		278C4C8025C549F60041CDED /* Assets.xcassets */ = {isa = PBXFileReference; lastKnownFileType = folder.assetcatalog; path = Assets.xcassets; sourceTree = "<group>"; };
		278C4C8325C549F60041CDED /* Preview Assets.xcassets */ = {isa = PBXFileReference; lastKnownFileType = folder.assetcatalog; path = "Preview Assets.xcassets"; sourceTree = "<group>"; };
		278C4C8525C549F60041CDED /* Persistence.swift */ = {isa = PBXFileReference; lastKnownFileType = sourcecode.swift; path = Persistence.swift; sourceTree = "<group>"; };
		278C4C8825C549F60041CDED /* Borrowl_nd.xcdatamodel */ = {isa = PBXFileReference; lastKnownFileType = wrapper.xcdatamodel; path = Borrowl_nd.xcdatamodel; sourceTree = "<group>"; };
		278C4C8A25C549F60041CDED /* Info.plist */ = {isa = PBXFileReference; lastKnownFileType = text.plist.xml; path = Info.plist; sourceTree = "<group>"; };
		278C4C8F25C549F60041CDED /* BorrowlændTests.xctest */ = {isa = PBXFileReference; explicitFileType = wrapper.cfbundle; includeInIndex = 0; path = "BorrowlændTests.xctest"; sourceTree = BUILT_PRODUCTS_DIR; };
		278C4C9325C549F60041CDED /* Borrowl_ndTests.swift */ = {isa = PBXFileReference; lastKnownFileType = sourcecode.swift; path = Borrowl_ndTests.swift; sourceTree = "<group>"; };
		278C4C9525C549F60041CDED /* Info.plist */ = {isa = PBXFileReference; lastKnownFileType = text.plist.xml; path = Info.plist; sourceTree = "<group>"; };
		278C4C9A25C549F60041CDED /* BorrowlændUITests.xctest */ = {isa = PBXFileReference; explicitFileType = wrapper.cfbundle; includeInIndex = 0; path = "BorrowlændUITests.xctest"; sourceTree = BUILT_PRODUCTS_DIR; };
		278C4C9E25C549F60041CDED /* Borrowl_ndUITests.swift */ = {isa = PBXFileReference; lastKnownFileType = sourcecode.swift; path = Borrowl_ndUITests.swift; sourceTree = "<group>"; };
		278C4CA025C549F60041CDED /* Info.plist */ = {isa = PBXFileReference; lastKnownFileType = text.plist.xml; path = Info.plist; sourceTree = "<group>"; };
		278C4CCA25C54D4F0041CDED /* Launch Screen.storyboard */ = {isa = PBXFileReference; lastKnownFileType = file.storyboard; path = "Launch Screen.storyboard"; sourceTree = "<group>"; };
		278C4CD225C55D3D0041CDED /* BorrowController.swift */ = {isa = PBXFileReference; lastKnownFileType = sourcecode.swift; path = BorrowController.swift; sourceTree = "<group>"; };
		278C4CD725C55D450041CDED /* LendController.swift */ = {isa = PBXFileReference; lastKnownFileType = sourcecode.swift; path = LendController.swift; sourceTree = "<group>"; };
/* End PBXFileReference section */

/* Begin PBXFrameworksBuildPhase section */
		278C4C7625C549F50041CDED /* Frameworks */ = {
			isa = PBXFrameworksBuildPhase;
			buildActionMask = 2147483647;
			files = (
			);
			runOnlyForDeploymentPostprocessing = 0;
		};
		278C4C8C25C549F60041CDED /* Frameworks */ = {
			isa = PBXFrameworksBuildPhase;
			buildActionMask = 2147483647;
			files = (
			);
			runOnlyForDeploymentPostprocessing = 0;
		};
		278C4C9725C549F60041CDED /* Frameworks */ = {
			isa = PBXFrameworksBuildPhase;
			buildActionMask = 2147483647;
			files = (
			);
			runOnlyForDeploymentPostprocessing = 0;
		};
/* End PBXFrameworksBuildPhase section */

/* Begin PBXGroup section */
		278C4C7025C549F50041CDED = {
			isa = PBXGroup;
			children = (
				278C4CD125C55CF00041CDED /* Controller */,
				278C4CD025C55CEB0041CDED /* View */,
				278C4CCF25C55CDB0041CDED /* Model */,
				278C4C7B25C549F50041CDED /* Borrowlænd */,
				278C4C9225C549F60041CDED /* BorrowlændTests */,
				278C4C9D25C549F60041CDED /* BorrowlændUITests */,
				278C4C7A25C549F50041CDED /* Products */,
			);
			sourceTree = "<group>";
		};
		278C4C7A25C549F50041CDED /* Products */ = {
			isa = PBXGroup;
			children = (
				278C4C7925C549F50041CDED /* Borrowlænd.app */,
				278C4C8F25C549F60041CDED /* BorrowlændTests.xctest */,
				278C4C9A25C549F60041CDED /* BorrowlændUITests.xctest */,
			);
			name = Products;
			sourceTree = "<group>";
		};
		278C4C7B25C549F50041CDED /* Borrowlænd */ = {
			isa = PBXGroup;
			children = (
				278C4C7C25C549F50041CDED /* Borrowl_ndApp.swift */,
				278C4C7E25C549F50041CDED /* ContentView.swift */,
				278C4C8025C549F60041CDED /* Assets.xcassets */,
				278C4C8525C549F60041CDED /* Persistence.swift */,
				278C4C8A25C549F60041CDED /* Info.plist */,
				278C4C8725C549F60041CDED /* Borrowl_nd.xcdatamodeld */,
				278C4C8225C549F60041CDED /* Preview Content */,
			);
			path = "Borrowlænd";
			sourceTree = "<group>";
		};
		278C4C8225C549F60041CDED /* Preview Content */ = {
			isa = PBXGroup;
			children = (
				278C4C8325C549F60041CDED /* Preview Assets.xcassets */,
			);
			path = "Preview Content";
			sourceTree = "<group>";
		};
		278C4C9225C549F60041CDED /* BorrowlændTests */ = {
			isa = PBXGroup;
			children = (
				278C4C9325C549F60041CDED /* Borrowl_ndTests.swift */,
				278C4C9525C549F60041CDED /* Info.plist */,
			);
			path = "BorrowlændTests";
			sourceTree = "<group>";
		};
		278C4C9D25C549F60041CDED /* BorrowlændUITests */ = {
			isa = PBXGroup;
			children = (
				278C4C9E25C549F60041CDED /* Borrowl_ndUITests.swift */,
				278C4CA025C549F60041CDED /* Info.plist */,
			);
			path = "BorrowlændUITests";
			sourceTree = "<group>";
		};
		278C4CCF25C55CDB0041CDED /* Model */ = {
			isa = PBXGroup;
			children = (
			);
			path = Model;
			sourceTree = "<group>";
		};
		278C4CD025C55CEB0041CDED /* View */ = {
			isa = PBXGroup;
			children = (
				278C4CCA25C54D4F0041CDED /* Launch Screen.storyboard */,
				276F0E6B25E813E600C7E58D /* Main.storyboard */,
				276F0E7025E8164D00C7E58D /* InformationTableViewCell.swift */,
				276F0E7125E8164D00C7E58D /* InformationTableViewCell.xib */,
			);
			path = View;
			sourceTree = "<group>";
		};
		278C4CD125C55CF00041CDED /* Controller */ = {
			isa = PBXGroup;
			children = (
				278C4CD225C55D3D0041CDED /* BorrowController.swift */,
				278C4CD725C55D450041CDED /* LendController.swift */,
			);
			path = Controller;
			sourceTree = "<group>";
		};
/* End PBXGroup section */

/* Begin PBXNativeTarget section */
		278C4C7825C549F50041CDED /* Borrowlænd */ = {
			isa = PBXNativeTarget;
			buildConfigurationList = 278C4CA325C549F60041CDED /* Build configuration list for PBXNativeTarget "Borrowlænd" */;
			buildPhases = (
				278C4C7525C549F50041CDED /* Sources */,
				278C4C7625C549F50041CDED /* Frameworks */,
				278C4C7725C549F50041CDED /* Resources */,
			);
			buildRules = (
			);
			dependencies = (
			);
			name = "Borrowlænd";
			productName = "Borrowlænd";
			productReference = 278C4C7925C549F50041CDED /* Borrowlænd.app */;
			productType = "com.apple.product-type.application";
		};
		278C4C8E25C549F60041CDED /* BorrowlændTests */ = {
			isa = PBXNativeTarget;
			buildConfigurationList = 278C4CA625C549F60041CDED /* Build configuration list for PBXNativeTarget "BorrowlændTests" */;
			buildPhases = (
				278C4C8B25C549F60041CDED /* Sources */,
				278C4C8C25C549F60041CDED /* Frameworks */,
				278C4C8D25C549F60041CDED /* Resources */,
			);
			buildRules = (
			);
			dependencies = (
				278C4C9125C549F60041CDED /* PBXTargetDependency */,
			);
			name = "BorrowlændTests";
			productName = "BorrowlændTests";
			productReference = 278C4C8F25C549F60041CDED /* BorrowlændTests.xctest */;
			productType = "com.apple.product-type.bundle.unit-test";
		};
		278C4C9925C549F60041CDED /* BorrowlændUITests */ = {
			isa = PBXNativeTarget;
			buildConfigurationList = 278C4CA925C549F60041CDED /* Build configuration list for PBXNativeTarget "BorrowlændUITests" */;
			buildPhases = (
				278C4C9625C549F60041CDED /* Sources */,
				278C4C9725C549F60041CDED /* Frameworks */,
				278C4C9825C549F60041CDED /* Resources */,
			);
			buildRules = (
			);
			dependencies = (
				278C4C9C25C549F60041CDED /* PBXTargetDependency */,
			);
			name = "BorrowlændUITests";
			productName = "BorrowlændUITests";
			productReference = 278C4C9A25C549F60041CDED /* BorrowlændUITests.xctest */;
			productType = "com.apple.product-type.bundle.ui-testing";
		};
/* End PBXNativeTarget section */

/* Begin PBXProject section */
		278C4C7125C549F50041CDED /* Project object */ = {
			isa = PBXProject;
			attributes = {
				LastSwiftUpdateCheck = 1240;
				LastUpgradeCheck = 1240;
				TargetAttributes = {
					278C4C7825C549F50041CDED = {
						CreatedOnToolsVersion = 12.4;
					};
					278C4C8E25C549F60041CDED = {
						CreatedOnToolsVersion = 12.4;
						TestTargetID = 278C4C7825C549F50041CDED;
					};
					278C4C9925C549F60041CDED = {
						CreatedOnToolsVersion = 12.4;
						TestTargetID = 278C4C7825C549F50041CDED;
					};
				};
			};
			buildConfigurationList = 278C4C7425C549F50041CDED /* Build configuration list for PBXProject "Borrowlænd" */;
			compatibilityVersion = "Xcode 9.3";
			developmentRegion = en;
			hasScannedForEncodings = 0;
			knownRegions = (
				en,
				Base,
			);
			mainGroup = 278C4C7025C549F50041CDED;
			productRefGroup = 278C4C7A25C549F50041CDED /* Products */;
			projectDirPath = "";
			projectRoot = "";
			targets = (
				278C4C7825C549F50041CDED /* Borrowlænd */,
				278C4C8E25C549F60041CDED /* BorrowlændTests */,
				278C4C9925C549F60041CDED /* BorrowlændUITests */,
			);
		};
/* End PBXProject section */

/* Begin PBXResourcesBuildPhase section */
		278C4C7725C549F50041CDED /* Resources */ = {
			isa = PBXResourcesBuildPhase;
			buildActionMask = 2147483647;
			files = (
				276F0E7325E8164D00C7E58D /* InformationTableViewCell.xib in Resources */,
				278C4C8425C549F60041CDED /* Preview Assets.xcassets in Resources */,
				278C4C8125C549F60041CDED /* Assets.xcassets in Resources */,
				278C4CCB25C54D4F0041CDED /* Launch Screen.storyboard in Resources */,
				276F0E6C25E813E600C7E58D /* Main.storyboard in Resources */,
			);
			runOnlyForDeploymentPostprocessing = 0;
		};
		278C4C8D25C549F60041CDED /* Resources */ = {
			isa = PBXResourcesBuildPhase;
			buildActionMask = 2147483647;
			files = (
			);
			runOnlyForDeploymentPostprocessing = 0;
		};
		278C4C9825C549F60041CDED /* Resources */ = {
			isa = PBXResourcesBuildPhase;
			buildActionMask = 2147483647;
			files = (
			);
			runOnlyForDeploymentPostprocessing = 0;
		};
/* End PBXResourcesBuildPhase section */

/* Begin PBXSourcesBuildPhase section */
		278C4C7525C549F50041CDED /* Sources */ = {
			isa = PBXSourcesBuildPhase;
			buildActionMask = 2147483647;
			files = (
				278C4C8625C549F60041CDED /* Persistence.swift in Sources */,
				278C4CD325C55D3D0041CDED /* BorrowController.swift in Sources */,
				278C4CD825C55D450041CDED /* LendController.swift in Sources */,
				278C4C7F25C549F50041CDED /* ContentView.swift in Sources */,
				278C4C7D25C549F50041CDED /* Borrowl_ndApp.swift in Sources */,
				276F0E7225E8164D00C7E58D /* InformationTableViewCell.swift in Sources */,
				278C4C8925C549F60041CDED /* Borrowl_nd.xcdatamodeld in Sources */,
			);
			runOnlyForDeploymentPostprocessing = 0;
		};
		278C4C8B25C549F60041CDED /* Sources */ = {
			isa = PBXSourcesBuildPhase;
			buildActionMask = 2147483647;
			files = (
				278C4C9425C549F60041CDED /* Borrowl_ndTests.swift in Sources */,
			);
			runOnlyForDeploymentPostprocessing = 0;
		};
		278C4C9625C549F60041CDED /* Sources */ = {
			isa = PBXSourcesBuildPhase;
			buildActionMask = 2147483647;
			files = (
				278C4C9F25C549F60041CDED /* Borrowl_ndUITests.swift in Sources */,
			);
			runOnlyForDeploymentPostprocessing = 0;
		};
/* End PBXSourcesBuildPhase section */

/* Begin PBXTargetDependency section */
		278C4C9125C549F60041CDED /* PBXTargetDependency */ = {
			isa = PBXTargetDependency;
			target = 278C4C7825C549F50041CDED /* Borrowlænd */;
			targetProxy = 278C4C9025C549F60041CDED /* PBXContainerItemProxy */;
		};
		278C4C9C25C549F60041CDED /* PBXTargetDependency */ = {
			isa = PBXTargetDependency;
			target = 278C4C7825C549F50041CDED /* Borrowlænd */;
			targetProxy = 278C4C9B25C549F60041CDED /* PBXContainerItemProxy */;
		};
/* End PBXTargetDependency section */

/* Begin XCBuildConfiguration section */
		278C4CA125C549F60041CDED /* Debug */ = {
			isa = XCBuildConfiguration;
			buildSettings = {
				ALWAYS_SEARCH_USER_PATHS = NO;
				CLANG_ANALYZER_NONNULL = YES;
				CLANG_ANALYZER_NUMBER_OBJECT_CONVERSION = YES_AGGRESSIVE;
				CLANG_CXX_LANGUAGE_STANDARD = "gnu++14";
				CLANG_CXX_LIBRARY = "libc++";
				CLANG_ENABLE_MODULES = YES;
				CLANG_ENABLE_OBJC_ARC = YES;
				CLANG_ENABLE_OBJC_WEAK = YES;
				CLANG_WARN_BLOCK_CAPTURE_AUTORELEASING = YES;
				CLANG_WARN_BOOL_CONVERSION = YES;
				CLANG_WARN_COMMA = YES;
				CLANG_WARN_CONSTANT_CONVERSION = YES;
				CLANG_WARN_DEPRECATED_OBJC_IMPLEMENTATIONS = YES;
				CLANG_WARN_DIRECT_OBJC_ISA_USAGE = YES_ERROR;
				CLANG_WARN_DOCUMENTATION_COMMENTS = YES;
				CLANG_WARN_EMPTY_BODY = YES;
				CLANG_WARN_ENUM_CONVERSION = YES;
				CLANG_WARN_INFINITE_RECURSION = YES;
				CLANG_WARN_INT_CONVERSION = YES;
				CLANG_WARN_NON_LITERAL_NULL_CONVERSION = YES;
				CLANG_WARN_OBJC_IMPLICIT_RETAIN_SELF = YES;
				CLANG_WARN_OBJC_LITERAL_CONVERSION = YES;
				CLANG_WARN_OBJC_ROOT_CLASS = YES_ERROR;
				CLANG_WARN_QUOTED_INCLUDE_IN_FRAMEWORK_HEADER = YES;
				CLANG_WARN_RANGE_LOOP_ANALYSIS = YES;
				CLANG_WARN_STRICT_PROTOTYPES = YES;
				CLANG_WARN_SUSPICIOUS_MOVE = YES;
				CLANG_WARN_UNGUARDED_AVAILABILITY = YES_AGGRESSIVE;
				CLANG_WARN_UNREACHABLE_CODE = YES;
				CLANG_WARN__DUPLICATE_METHOD_MATCH = YES;
				COPY_PHASE_STRIP = NO;
				DEBUG_INFORMATION_FORMAT = dwarf;
				ENABLE_STRICT_OBJC_MSGSEND = YES;
				ENABLE_TESTABILITY = YES;
				GCC_C_LANGUAGE_STANDARD = gnu11;
				GCC_DYNAMIC_NO_PIC = NO;
				GCC_NO_COMMON_BLOCKS = YES;
				GCC_OPTIMIZATION_LEVEL = 0;
				GCC_PREPROCESSOR_DEFINITIONS = (
					"DEBUG=1",
					"$(inherited)",
				);
				GCC_WARN_64_TO_32_BIT_CONVERSION = YES;
				GCC_WARN_ABOUT_RETURN_TYPE = YES_ERROR;
				GCC_WARN_UNDECLARED_SELECTOR = YES;
				GCC_WARN_UNINITIALIZED_AUTOS = YES_AGGRESSIVE;
				GCC_WARN_UNUSED_FUNCTION = YES;
				GCC_WARN_UNUSED_VARIABLE = YES;
				IPHONEOS_DEPLOYMENT_TARGET = 13.0;
				MTL_ENABLE_DEBUG_INFO = INCLUDE_SOURCE;
				MTL_FAST_MATH = YES;
				ONLY_ACTIVE_ARCH = YES;
				SDKROOT = iphoneos;
				SWIFT_ACTIVE_COMPILATION_CONDITIONS = DEBUG;
				SWIFT_OPTIMIZATION_LEVEL = "-Onone";
			};
			name = Debug;
		};
		278C4CA225C549F60041CDED /* Release */ = {
			isa = XCBuildConfiguration;
			buildSettings = {
				ALWAYS_SEARCH_USER_PATHS = NO;
				CLANG_ANALYZER_NONNULL = YES;
				CLANG_ANALYZER_NUMBER_OBJECT_CONVERSION = YES_AGGRESSIVE;
				CLANG_CXX_LANGUAGE_STANDARD = "gnu++14";
				CLANG_CXX_LIBRARY = "libc++";
				CLANG_ENABLE_MODULES = YES;
				CLANG_ENABLE_OBJC_ARC = YES;
				CLANG_ENABLE_OBJC_WEAK = YES;
				CLANG_WARN_BLOCK_CAPTURE_AUTORELEASING = YES;
				CLANG_WARN_BOOL_CONVERSION = YES;
				CLANG_WARN_COMMA = YES;
				CLANG_WARN_CONSTANT_CONVERSION = YES;
				CLANG_WARN_DEPRECATED_OBJC_IMPLEMENTATIONS = YES;
				CLANG_WARN_DIRECT_OBJC_ISA_USAGE = YES_ERROR;
				CLANG_WARN_DOCUMENTATION_COMMENTS = YES;
				CLANG_WARN_EMPTY_BODY = YES;
				CLANG_WARN_ENUM_CONVERSION = YES;
				CLANG_WARN_INFINITE_RECURSION = YES;
				CLANG_WARN_INT_CONVERSION = YES;
				CLANG_WARN_NON_LITERAL_NULL_CONVERSION = YES;
				CLANG_WARN_OBJC_IMPLICIT_RETAIN_SELF = YES;
				CLANG_WARN_OBJC_LITERAL_CONVERSION = YES;
				CLANG_WARN_OBJC_ROOT_CLASS = YES_ERROR;
				CLANG_WARN_QUOTED_INCLUDE_IN_FRAMEWORK_HEADER = YES;
				CLANG_WARN_RANGE_LOOP_ANALYSIS = YES;
				CLANG_WARN_STRICT_PROTOTYPES = YES;
				CLANG_WARN_SUSPICIOUS_MOVE = YES;
				CLANG_WARN_UNGUARDED_AVAILABILITY = YES_AGGRESSIVE;
				CLANG_WARN_UNREACHABLE_CODE = YES;
				CLANG_WARN__DUPLICATE_METHOD_MATCH = YES;
				COPY_PHASE_STRIP = NO;
				DEBUG_INFORMATION_FORMAT = "dwarf-with-dsym";
				ENABLE_NS_ASSERTIONS = NO;
				ENABLE_STRICT_OBJC_MSGSEND = YES;
				GCC_C_LANGUAGE_STANDARD = gnu11;
				GCC_NO_COMMON_BLOCKS = YES;
				GCC_WARN_64_TO_32_BIT_CONVERSION = YES;
				GCC_WARN_ABOUT_RETURN_TYPE = YES_ERROR;
				GCC_WARN_UNDECLARED_SELECTOR = YES;
				GCC_WARN_UNINITIALIZED_AUTOS = YES_AGGRESSIVE;
				GCC_WARN_UNUSED_FUNCTION = YES;
				GCC_WARN_UNUSED_VARIABLE = YES;
				IPHONEOS_DEPLOYMENT_TARGET = 13.0;
				MTL_ENABLE_DEBUG_INFO = NO;
				MTL_FAST_MATH = YES;
				SDKROOT = iphoneos;
				SWIFT_COMPILATION_MODE = wholemodule;
				SWIFT_OPTIMIZATION_LEVEL = "-O";
				VALIDATE_PRODUCT = YES;
			};
			name = Release;
		};
		278C4CA425C549F60041CDED /* Debug */ = {
			isa = XCBuildConfiguration;
			buildSettings = {
				ASSETCATALOG_COMPILER_APPICON_NAME = AppIcon;
				ASSETCATALOG_COMPILER_GLOBAL_ACCENT_COLOR_NAME = AccentColor;
				CODE_SIGN_STYLE = Automatic;
				DEVELOPMENT_ASSET_PATHS = "\"Borrowlænd/Preview Content\"";
				ENABLE_PREVIEWS = YES;
				INFOPLIST_FILE = "Borrowlænd/Info.plist";
				IPHONEOS_DEPLOYMENT_TARGET = 13.0;
				LD_RUNPATH_SEARCH_PATHS = (
					"$(inherited)",
					"@executable_path/Frameworks",
				);
				PRODUCT_BUNDLE_IDENTIFIER = "oc.Borrowl-nd";
				PRODUCT_NAME = "$(TARGET_NAME)";
				SWIFT_VERSION = 5.0;
				TARGETED_DEVICE_FAMILY = 1;
			};
			name = Debug;
		};
		278C4CA525C549F60041CDED /* Release */ = {
			isa = XCBuildConfiguration;
			buildSettings = {
				ASSETCATALOG_COMPILER_APPICON_NAME = AppIcon;
				ASSETCATALOG_COMPILER_GLOBAL_ACCENT_COLOR_NAME = AccentColor;
				CODE_SIGN_STYLE = Automatic;
				DEVELOPMENT_ASSET_PATHS = "\"Borrowlænd/Preview Content\"";
				ENABLE_PREVIEWS = YES;
				INFOPLIST_FILE = "Borrowlænd/Info.plist";
				IPHONEOS_DEPLOYMENT_TARGET = 13.0;
				LD_RUNPATH_SEARCH_PATHS = (
					"$(inherited)",
					"@executable_path/Frameworks",
				);
				PRODUCT_BUNDLE_IDENTIFIER = "oc.Borrowl-nd";
				PRODUCT_NAME = "$(TARGET_NAME)";
				SWIFT_VERSION = 5.0;
				TARGETED_DEVICE_FAMILY = 1;
			};
			name = Release;
		};
		278C4CA725C549F60041CDED /* Debug */ = {
			isa = XCBuildConfiguration;
			buildSettings = {
				ALWAYS_EMBED_SWIFT_STANDARD_LIBRARIES = YES;
				BUNDLE_LOADER = "$(TEST_HOST)";
				CODE_SIGN_STYLE = Automatic;
				INFOPLIST_FILE = "BorrowlændTests/Info.plist";
				IPHONEOS_DEPLOYMENT_TARGET = 14.0;
				LD_RUNPATH_SEARCH_PATHS = (
					"$(inherited)",
					"@executable_path/Frameworks",
					"@loader_path/Frameworks",
				);
				PRODUCT_BUNDLE_IDENTIFIER = "oc.Borrowl-ndTests";
				PRODUCT_NAME = "$(TARGET_NAME)";
				SWIFT_VERSION = 5.0;
				TARGETED_DEVICE_FAMILY = "1,2";
				TEST_HOST = "$(BUILT_PRODUCTS_DIR)/Borrowlænd.app/Borrowlænd";
			};
			name = Debug;
		};
		278C4CA825C549F60041CDED /* Release */ = {
			isa = XCBuildConfiguration;
			buildSettings = {
				ALWAYS_EMBED_SWIFT_STANDARD_LIBRARIES = YES;
				BUNDLE_LOADER = "$(TEST_HOST)";
				CODE_SIGN_STYLE = Automatic;
				INFOPLIST_FILE = "BorrowlændTests/Info.plist";
				IPHONEOS_DEPLOYMENT_TARGET = 14.0;
				LD_RUNPATH_SEARCH_PATHS = (
					"$(inherited)",
					"@executable_path/Frameworks",
					"@loader_path/Frameworks",
				);
				PRODUCT_BUNDLE_IDENTIFIER = "oc.Borrowl-ndTests";
				PRODUCT_NAME = "$(TARGET_NAME)";
				SWIFT_VERSION = 5.0;
				TARGETED_DEVICE_FAMILY = "1,2";
				TEST_HOST = "$(BUILT_PRODUCTS_DIR)/Borrowlænd.app/Borrowlænd";
			};
			name = Release;
		};
		278C4CAA25C549F60041CDED /* Debug */ = {
			isa = XCBuildConfiguration;
			buildSettings = {
				ALWAYS_EMBED_SWIFT_STANDARD_LIBRARIES = YES;
				CODE_SIGN_STYLE = Automatic;
				INFOPLIST_FILE = "BorrowlændUITests/Info.plist";
				LD_RUNPATH_SEARCH_PATHS = (
					"$(inherited)",
					"@executable_path/Frameworks",
					"@loader_path/Frameworks",
				);
				PRODUCT_BUNDLE_IDENTIFIER = "oc.Borrowl-ndUITests";
				PRODUCT_NAME = "$(TARGET_NAME)";
				SWIFT_VERSION = 5.0;
				TARGETED_DEVICE_FAMILY = "1,2";
				TEST_TARGET_NAME = "Borrowlænd";
			};
			name = Debug;
		};
		278C4CAB25C549F60041CDED /* Release */ = {
			isa = XCBuildConfiguration;
			buildSettings = {
				ALWAYS_EMBED_SWIFT_STANDARD_LIBRARIES = YES;
				CODE_SIGN_STYLE = Automatic;
				INFOPLIST_FILE = "BorrowlændUITests/Info.plist";
				LD_RUNPATH_SEARCH_PATHS = (
					"$(inherited)",
					"@executable_path/Frameworks",
					"@loader_path/Frameworks",
				);
				PRODUCT_BUNDLE_IDENTIFIER = "oc.Borrowl-ndUITests";
				PRODUCT_NAME = "$(TARGET_NAME)";
				SWIFT_VERSION = 5.0;
				TARGETED_DEVICE_FAMILY = "1,2";
				TEST_TARGET_NAME = "Borrowlænd";
			};
			name = Release;
		};
/* End XCBuildConfiguration section */

/* Begin XCConfigurationList section */
		278C4C7425C549F50041CDED /* Build configuration list for PBXProject "Borrowlænd" */ = {
			isa = XCConfigurationList;
			buildConfigurations = (
				278C4CA125C549F60041CDED /* Debug */,
				278C4CA225C549F60041CDED /* Release */,
			);
			defaultConfigurationIsVisible = 0;
			defaultConfigurationName = Release;
		};
		278C4CA325C549F60041CDED /* Build configuration list for PBXNativeTarget "Borrowlænd" */ = {
			isa = XCConfigurationList;
			buildConfigurations = (
				278C4CA425C549F60041CDED /* Debug */,
				278C4CA525C549F60041CDED /* Release */,
			);
			defaultConfigurationIsVisible = 0;
			defaultConfigurationName = Release;
		};
		278C4CA625C549F60041CDED /* Build configuration list for PBXNativeTarget "BorrowlændTests" */ = {
			isa = XCConfigurationList;
			buildConfigurations = (
				278C4CA725C549F60041CDED /* Debug */,
				278C4CA825C549F60041CDED /* Release */,
			);
			defaultConfigurationIsVisible = 0;
			defaultConfigurationName = Release;
		};
		278C4CA925C549F60041CDED /* Build configuration list for PBXNativeTarget "BorrowlændUITests" */ = {
			isa = XCConfigurationList;
			buildConfigurations = (
				278C4CAA25C549F60041CDED /* Debug */,
				278C4CAB25C549F60041CDED /* Release */,
			);
			defaultConfigurationIsVisible = 0;
			defaultConfigurationName = Release;
		};
/* End XCConfigurationList section */

/* Begin XCVersionGroup section */
		278C4C8725C549F60041CDED /* Borrowl_nd.xcdatamodeld */ = {
			isa = XCVersionGroup;
			children = (
				278C4C8825C549F60041CDED /* Borrowl_nd.xcdatamodel */,
			);
			currentVersion = 278C4C8825C549F60041CDED /* Borrowl_nd.xcdatamodel */;
			path = Borrowl_nd.xcdatamodeld;
			sourceTree = "<group>";
			versionGroupType = wrapper.xcdatamodel;
		};
/* End XCVersionGroup section */
	};
	rootObject = 278C4C7125C549F50041CDED /* Project object */;
}
